Microsoft Visual Studio Solution File, Format Version 12.00
# Visual Studio Version 17
VisualStudioVersion = 17.5.2.0
MinimumVisualStudioVersion = 10.0.40219.1
Project("{FAE04EC0-301F-11D3-BF4B-00C04F79EFBC}") = "HRSystem_Wizer", "HRSystem_Wizer.csproj", "{C3091A35-4565-473E-3A69-E78811015BCF}"
EndProject
Global
	GlobalSection(SolutionConfigurationPlatforms) = preSolution
		Debug|Any CPU = Debug|Any CPU
		Release|Any CPU = Release|Any CPU
	EndGlobalSection
	GlobalSection(ProjectConfigurationPlatforms) = postSolution
		{C3091A35-4565-473E-3A69-E78811015BCF}.Debug|Any CPU.ActiveCfg = Debug|Any CPU
		{C3091A35-4565-473E-3A69-E78811015BCF}.Debug|Any CPU.Build.0 = Debug|Any CPU
		{C3091A35-4565-473E-3A69-E78811015BCF}.Release|Any CPU.ActiveCfg = Release|Any CPU
		{C3091A35-4565-473E-3A69-E78811015BCF}.Release|Any CPU.Build.0 = Release|Any CPU
	EndGlobalSection
	GlobalSection(SolutionProperties) = preSolution
		HideSolutionNode = FALSE
	EndGlobalSection
	GlobalSection(ExtensibilityGlobals) = postSolution
		SolutionGuid = {70EF4A42-DB97-4D57-9BE2-8032E25717FE}
	EndGlobalSection
EndGlobal
